
Microsoft Visual Studio Solution File, Format Version 12.00
# Visual Studio Version 17
VisualStudioVersion = 17.14.36717.8 d17.14
MinimumVisualStudioVersion = 10.0.40219.1
Project("{FAE04EC0-301F-11D3-BF4B-00C04F79EFBC}") = "ClinicFlow.Application", "ClinicFlow.Application\ClinicFlow.Application.csproj", "{343F01BD-07F7-4D16-AE32-86D55E1C1627}"
EndProject
Project("{FAE04EC0-301F-11D3-BF4B-00C04F79EFBC}") = "ClinicFlow.Domain", "ClinicFlow.Domain\ClinicFlow.Domain.csproj", "{4ABA6B8A-777E-411C-9154-AB84CF5129FA}"
EndProject
Project("{FAE04EC0-301F-11D3-BF4B-00C04F79EFBC}") = "ClinicFlow.Infrastructure", "ClinicFlow.Infrastructure\ClinicFlow.Infrastructure.csproj", "{20711F43-87D4-48FF-BD36-093F516E543D}"
EndProject
Project("{FAE04EC0-301F-11D3-BF4B-00C04F79EFBC}") = "ClinicFlow.WebUI", "ClinicFlow.WebUI\ClinicFlow.WebUI.csproj", "{A3A40944-08E7-4A77-BCC3-D2F87FF07E9C}"
EndProject
Global
	GlobalSection(SolutionConfigurationPlatforms) = preSolution
		Debug|Any CPU = Debug|Any CPU
		Release|Any CPU = Release|Any CPU
	EndGlobalSection
	GlobalSection(ProjectConfigurationPlatforms) = postSolution
		{343F01BD-07F7-4D16-AE32-86D55E1C1627}.Debug|Any CPU.ActiveCfg = Debug|Any CPU
		{343F01BD-07F7-4D16-AE32-86D55E1C1627}.Debug|Any CPU.Build.0 = Debug|Any CPU
		{343F01BD-07F7-4D16-AE32-86D55E1C1627}.Release|Any CPU.ActiveCfg = Release|Any CPU
		{343F01BD-07F7-4D16-AE32-86D55E1C1627}.Release|Any CPU.Build.0 = Release|Any CPU
		{4ABA6B8A-777E-411C-9154-AB84CF5129FA}.Debug|Any CPU.ActiveCfg = Debug|Any CPU
		{4ABA6B8A-777E-411C-9154-AB84CF5129FA}.Debug|Any CPU.Build.0 = Debug|Any CPU
		{4ABA6B8A-777E-411C-9154-AB84CF5129FA}.Release|Any CPU.ActiveCfg = Release|Any CPU
		{4ABA6B8A-777E-411C-9154-AB84CF5129FA}.Release|Any CPU.Build.0 = Release|Any CPU
		{20711F43-87D4-48FF-BD36-093F516E543D}.Debug|Any CPU.ActiveCfg = Debug|Any CPU
		{20711F43-87D4-48FF-BD36-093F516E543D}.Debug|Any CPU.Build.0 = Debug|Any CPU
		{20711F43-87D4-48FF-BD36-093F516E543D}.Release|Any CPU.ActiveCfg = Release|Any CPU
		{20711F43-87D4-48FF-BD36-093F516E543D}.Release|Any CPU.Build.0 = Release|Any CPU
		{A3A40944-08E7-4A77-BCC3-D2F87FF07E9C}.Debug|Any CPU.ActiveCfg = Debug|Any CPU
		{A3A40944-08E7-4A77-BCC3-D2F87FF07E9C}.Debug|Any CPU.Build.0 = Debug|Any CPU
		{A3A40944-08E7-4A77-BCC3-D2F87FF07E9C}.Release|Any CPU.ActiveCfg = Release|Any CPU
		{A3A40944-08E7-4A77-BCC3-D2F87FF07E9C}.Release|Any CPU.Build.0 = Release|Any CPU
	EndGlobalSection
	GlobalSection(SolutionProperties) = preSolution
		HideSolutionNode = FALSE
	EndGlobalSection
	GlobalSection(ExtensibilityGlobals) = postSolution
		SolutionGuid = {38940D35-835A-4ABD-92F4-5FA91287F354}
	EndGlobalSection
EndGlobal
